
Microsoft Visual Studio Solution File, Format Version 12.00
# Visual Studio 15
VisualStudioVersion = 15.0.33529.398
MinimumVisualStudioVersion = 10.0.40219.1
Project("{FAE04EC0-301F-11D3-BF4B-00C04F79EFBC}") = "VidlyDotNet", "VidlyDotNet\VidlyDotNet.csproj", "{1AE88BD7-65DF-4903-9955-E3A396AFA09A}"
EndProject
Global
	GlobalSection(SolutionConfigurationPlatforms) = preSolution
		Debug|Any CPU = Debug|Any CPU
		Release|Any CPU = Release|Any CPU
	EndGlobalSection
	GlobalSection(ProjectConfigurationPlatforms) = postSolution
		{1AE88BD7-65DF-4903-9955-E3A396AFA09A}.Debug|Any CPU.ActiveCfg = Debug|Any CPU
		{1AE88BD7-65DF-4903-9955-E3A396AFA09A}.Debug|Any CPU.Build.0 = Debug|Any CPU
		{1AE88BD7-65DF-4903-9955-E3A396AFA09A}.Release|Any CPU.ActiveCfg = Release|Any CPU
		{1AE88BD7-65DF-4903-9955-E3A396AFA09A}.Release|Any CPU.Build.0 = Release|Any CPU
	EndGlobalSection
	GlobalSection(SolutionProperties) = preSolution
		HideSolutionNode = FALSE
	EndGlobalSection
	GlobalSection(ExtensibilityGlobals) = postSolution
		SolutionGuid = {AB638F9E-C64D-4DE6-8547-30809AF02C1B}
	EndGlobalSection
EndGlobal
